// !$*UTF8*$!
{
	archiveVersion = 1;
	classes = {
	};
	objectVersion = 77;
	objects = {

/* Begin PBXBuildFile section */
		1263D89C1089BF1ED89EF492 /* stats.json in Resources */ = {isa = PBXBuildFile; fileRef = 509076F68FE83D3A52B9B4A3 /* stats.json */; };
		4EC6FBFC8DB4EE8AE049862E /* state.json in Resources */ = {isa = PBXBuildFile; fileRef = A6274918AA359D505A4465BB /* state.json */; };
		A79F963FE2F8ACC19C3F3FEA /* ContentView.swift in Sources */ = {isa = PBXBuildFile; fileRef = 39D378DB9DE666FAF3595C6D /* ContentView.swift */; };
		C0D743F77B6F1D515DD260FC /* ForgeMobileApp.swift in Sources */ = {isa = PBXBuildFile; fileRef = 7D3AE3B01F6BA7E9F7284816 /* ForgeMobileApp.swift */; };
		CAB2CE0F8FA6CA7D11F2107D /* Assets.xcassets in Resources */ = {isa = PBXBuildFile; fileRef = 3FDF782F517EB8A3D2DB2CFB /* Assets.xcassets */; };
/* End PBXBuildFile section */

/* Begin PBXFileReference section */
		0EEE47D1913B1600847064EC /* ForgeMobile.app */ = {isa = PBXFileReference; includeInIndex = 0; lastKnownFileType = wrapper.application; path = ForgeMobile.app; sourceTree = BUILT_PRODUCTS_DIR; };
		39D378DB9DE666FAF3595C6D /* ContentView.swift */ = {isa = PBXFileReference; lastKnownFileType = sourcecode.swift; path = ContentView.swift; sourceTree = "<group>"; };
		3FDF782F517EB8A3D2DB2CFB /* Assets.xcassets */ = {isa = PBXFileReference; lastKnownFileType = folder.assetcatalog; path = Assets.xcassets; sourceTree = "<group>"; };
		509076F68FE83D3A52B9B4A3 /* stats.json */ = {isa = PBXFileReference; lastKnownFileType = text.json; path = stats.json; sourceTree = "<group>"; };
		7D3AE3B01F6BA7E9F7284816 /* ForgeMobileApp.swift */ = {isa = PBXFileReference; lastKnownFileType = sourcecode.swift; path = ForgeMobileApp.swift; sourceTree = "<group>"; };
		A6274918AA359D505A4465BB /* state.json */ = {isa = PBXFileReference; lastKnownFileType = text.json; path = state.json; sourceTree = "<group>"; };
		F04D23EFA562463EB067228F /* Info.plist */ = {isa = PBXFileReference; lastKnownFileType = text.plist; path = Info.plist; sourceTree = "<group>"; };
/* End PBXFileReference section */

/* Begin PBXGroup section */
		25838A6CD93F0E451B769D32 /* Products */ = {
			isa = PBXGroup;
			children = (
				0EEE47D1913B1600847064EC /* ForgeMobile.app */,
			);
			name = Products;
			sourceTree = "<group>";
		};
		43CC2B113FE91F988983E396 /* .claude-flow */ = {
			isa = PBXGroup;
			children = (
				A7E59486D8E33A80DDA85DFE /* neural */,
				B62A91A6F4DDDB165A3A0111 /* policy */,
			);
			path = ".claude-flow";
			sourceTree = "<group>";
		};
		741E039D68F1FFDE98A71958 = {
			isa = PBXGroup;
			children = (
				3FDF782F517EB8A3D2DB2CFB /* Assets.xcassets */,
				A7B86F70733449954C750723 /* App */,
				25838A6CD93F0E451B769D32 /* Products */,
			);
			sourceTree = "<group>";
		};
		A7B86F70733449954C750723 /* App */ = {
			isa = PBXGroup;
			children = (
				39D378DB9DE666FAF3595C6D /* ContentView.swift */,
				7D3AE3B01F6BA7E9F7284816 /* ForgeMobileApp.swift */,
				F04D23EFA562463EB067228F /* Info.plist */,
				43CC2B113FE91F988983E396 /* .claude-flow */,
			);
			path = App;
			sourceTree = "<group>";
		};
		A7E59486D8E33A80DDA85DFE /* neural */ = {
			isa = PBXGroup;
			children = (
				509076F68FE83D3A52B9B4A3 /* stats.json */,
			);
			path = neural;
			sourceTree = "<group>";
		};
		B62A91A6F4DDDB165A3A0111 /* policy */ = {
			isa = PBXGroup;
			children = (
				A6274918AA359D505A4465BB /* state.json */,
			);
			path = policy;
			sourceTree = "<group>";
		};
/* End PBXGroup section */

/* Begin PBXNativeTarget section */
		063503271818BCE5C43E8130 /* ForgeMobile */ = {
			isa = PBXNativeTarget;
			buildConfigurationList = EB1ACE3C719BE7C9E44EC47F /* Build configuration list for PBXNativeTarget "ForgeMobile" */;
			buildPhases = (
				EAC405372A584D3DFAC2D2A0 /* Sources */,
				C3B03BF508CC5E0A7EEA7D4C /* Resources */,
			);
			buildRules = (
			);
			dependencies = (
			);
			name = ForgeMobile;
			packageProductDependencies = (
			);
			productName = ForgeMobile;
			productReference = 0EEE47D1913B1600847064EC /* ForgeMobile.app */;
			productType = "com.apple.product-type.application";
		};
/* End PBXNativeTarget section */

/* Begin PBXProject section */
		ACF6D24488E63922A10CA2E8 /* Project object */ = {
			isa = PBXProject;
			attributes = {
				BuildIndependentTargetsInParallel = YES;
				LastUpgradeCheck = 1430;
				TargetAttributes = {
					063503271818BCE5C43E8130 = {
						ProvisioningStyle = Automatic;
					};
				};
			};
			buildConfigurationList = BFD4DC9385F7969E07883065 /* Build configuration list for PBXProject "ForgeMobile" */;
			developmentRegion = en;
			hasScannedForEncodings = 0;
			knownRegions = (
				Base,
				en,
			);
			mainGroup = 741E039D68F1FFDE98A71958;
			minimizedProjectReferenceProxies = 1;
			preferredProjectObjectVersion = 77;
			productRefGroup = 25838A6CD93F0E451B769D32 /* Products */;
			projectDirPath = "";
			projectRoot = "";
			targets = (
				063503271818BCE5C43E8130 /* ForgeMobile */,
			);
		};
/* End PBXProject section */

/* Begin PBXResourcesBuildPhase section */
		C3B03BF508CC5E0A7EEA7D4C /* Resources */ = {
			isa = PBXResourcesBuildPhase;
			buildActionMask = 2147483647;
			files = (
				CAB2CE0F8FA6CA7D11F2107D /* Assets.xcassets in Resources */,
				4EC6FBFC8DB4EE8AE049862E /* state.json in Resources */,
				1263D89C1089BF1ED89EF492 /* stats.json in Resources */,
			);
			runOnlyForDeploymentPostprocessing = 0;
		};
/* End PBXResourcesBuildPhase section */

/* Begin PBXSourcesBuildPhase section */
		EAC405372A584D3DFAC2D2A0 /* Sources */ = {
			isa = PBXSourcesBuildPhase;
			buildActionMask = 2147483647;
			files = (
				A79F963FE2F8ACC19C3F3FEA /* ContentView.swift in Sources */,
				C0D743F77B6F1D515DD260FC /* ForgeMobileApp.swift in Sources */,
			);
			runOnlyForDeploymentPostprocessing = 0;
		};
/* End PBXSourcesBuildPhase section */

/* Begin XCBuildConfiguration section */
		2777AF04B67623C0B9A02A62 /* Release */ = {
			isa = XCBuildConfiguration;
			buildSettings = {
				ASSETCATALOG_COMPILER_APPICON_NAME = AppIcon;
				CODE_SIGN_IDENTITY = "iPhone Developer";
				CODE_SIGN_STYLE = Automatic;
				CURRENT_PROJECT_VERSION = 1;
				GENERATE_INFOPLIST_FILE = YES;
				INFOPLIST_FILE = App/Info.plist;
				INFOPLIST_KEY_CFBundleDisplayName = FORGE;
				INFOPLIST_KEY_ITSAppUsesNonExemptEncryption = NO;
				INFOPLIST_KEY_NSCameraUsageDescription = "Attach a photo of a document.";
				INFOPLIST_KEY_NSPhotoLibraryUsageDescription = "Choose a document image to attach.";
				INFOPLIST_KEY_UIApplicationSceneManifest_Generation = YES;
				INFOPLIST_KEY_UILaunchScreen_Generation = YES;
				INFOPLIST_KEY_UISupportedInterfaceOrientations = UIInterfaceOrientationPortrait;
				LD_RUNPATH_SEARCH_PATHS = (
					"$(inherited)",
					"@executable_path/Frameworks",
				);
				MARKETING_VERSION = 1.0;
				PRODUCT_BUNDLE_IDENTIFIER = com.atouchofblessings.forgemobile;
				SDKROOT = iphoneos;
				SWIFT_VERSION = 5.0;
				TARGETED_DEVICE_FAMILY = 1;
			};
			name = Release;
		};
		61B60AF7C5755AA99FBE1AB2 /* Debug */ = {
			isa = XCBuildConfiguration;
			buildSettings = {
				ASSETCATALOG_COMPILER_APPICON_NAME = AppIcon;
				CODE_SIGN_IDENTITY = "iPhone Developer";
				CODE_SIGN_STYLE = Automatic;
				CURRENT_PROJECT_VERSION = 1;
				GENERATE_INFOPLIST_FILE = YES;
				INFOPLIST_FILE = App/Info.plist;
				INFOPLIST_KEY_CFBundleDisplayName = FORGE;
				INFOPLIST_KEY_ITSAppUsesNonExemptEncryption = NO;
				INFOPLIST_KEY_NSCameraUsageDescription = "Attach a photo of a document.";
				INFOPLIST_KEY_NSPhotoLibraryUsageDescription = "Choose a document image to attach.";
				INFOPLIST_KEY_UIApplicationSceneManifest_Generation = YES;
				INFOPLIST_KEY_UILaunchScreen_Generation = YES;
				INFOPLIST_KEY_UISupportedInterfaceOrientations = UIInterfaceOrientationPortrait;
				LD_RUNPATH_SEARCH_PATHS = (
					"$(inherited)",
					"@executable_path/Frameworks",
				);
				MARKETING_VERSION = 1.0;
				PRODUCT_BUNDLE_IDENTIFIER = com.atouchofblessings.forgemobile;
				SDKROOT = iphoneos;
				SWIFT_VERSION = 5.0;
				TARGETED_DEVICE_FAMILY = 1;
			};
			name = Debug;
		};
		85FDC04A944834BEA968191C /* Release */ = {
			isa = XCBuildConfiguration;
			buildSettings = {
				ALWAYS_SEARCH_USER_PATHS = NO;
				CLANG_ANALYZER_NONNULL = YES;
				CLANG_ANALYZER_NUMBER_OBJECT_CONVERSION = YES_AGGRESSIVE;
				CLANG_CXX_LANGUAGE_STANDARD = "gnu++14";
				CLANG_CXX_LIBRARY = "libc++";
				CLANG_ENABLE_MODULES = YES;
				CLANG_ENABLE_OBJC_ARC = YES;
				CLANG_ENABLE_OBJC_WEAK = YES;
				CLANG_WARN_BLOCK_CAPTURE_AUTORELEASING = YES;
				CLANG_WARN_BOOL_CONVERSION = YES;
				CLANG_WARN_COMMA = YES;
				CLANG_WARN_CONSTANT_CONVERSION = YES;
				CLANG_WARN_DEPRECATED_OBJC_IMPLEMENTATIONS = YES;
				CLANG_WARN_DIRECT_OBJC_ISA_USAGE = YES_ERROR;
				CLANG_WARN_DOCUMENTATION_COMMENTS = YES;
				CLANG_WARN_EMPTY_BODY = YES;
				CLANG_WARN_ENUM_CONVERSION = YES;
				CLANG_WARN_INFINITE_RECURSION = YES;
				CLANG_WARN_INT_CONVERSION = YES;
				CLANG_WARN_NON_LITERAL_NULL_CONVERSION = YES;
				CLANG_WARN_OBJC_IMPLICIT_RETAIN_SELF = YES;
				CLANG_WARN_OBJC_LITERAL_CONVERSION = YES;
				CLANG_WARN_OBJC_ROOT_CLASS = YES_ERROR;
				CLANG_WARN_QUOTED_INCLUDE_IN_FRAMEWORK_HEADER = YES;
				CLANG_WARN_RANGE_LOOP_ANALYSIS = YES;
				CLANG_WARN_STRICT_PROTOTYPES = YES;
				CLANG_WARN_SUSPICIOUS_MOVE = YES;
				CLANG_WARN_UNGUARDED_AVAILABILITY = YES_AGGRESSIVE;
				CLANG_WARN_UNREACHABLE_CODE = YES;
				CLANG_WARN__DUPLICATE_METHOD_MATCH = YES;
				COPY_PHASE_STRIP = NO;
				DEBUG_INFORMATION_FORMAT = "dwarf-with-dsym";
				ENABLE_NS_ASSERTIONS = NO;
				ENABLE_STRICT_OBJC_MSGSEND = YES;
				GCC_C_LANGUAGE_STANDARD = gnu11;
				GCC_NO_COMMON_BLOCKS = YES;
				GCC_WARN_64_TO_32_BIT_CONVERSION = YES;
				GCC_WARN_ABOUT_RETURN_TYPE = YES_ERROR;
				GCC_WARN_UNDECLARED_SELECTOR = YES;
				GCC_WARN_UNINITIALIZED_AUTOS = YES_AGGRESSIVE;
				GCC_WARN_UNUSED_FUNCTION = YES;
				GCC_WARN_UNUSED_VARIABLE = YES;
				IPHONEOS_DEPLOYMENT_TARGET = 16.0;
				MTL_ENABLE_DEBUG_INFO = NO;
				MTL_FAST_MATH = YES;
				PRODUCT_NAME = "$(TARGET_NAME)";
				SDKROOT = iphoneos;
				SWIFT_COMPILATION_MODE = wholemodule;
				SWIFT_OPTIMIZATION_LEVEL = "-O";
				SWIFT_VERSION = 5.0;
			};
			name = Release;
		};
		F5A199D6A75CDE51B8882C4E /* Debug */ = {
			isa = XCBuildConfiguration;
			buildSettings = {
				ALWAYS_SEARCH_USER_PATHS = NO;
				CLANG_ANALYZER_NONNULL = YES;
				CLANG_ANALYZER_NUMBER_OBJECT_CONVERSION = YES_AGGRESSIVE;
				CLANG_CXX_LANGUAGE_STANDARD = "gnu++14";
				CLANG_CXX_LIBRARY = "libc++";
				CLANG_ENABLE_MODULES = YES;
				CLANG_ENABLE_OBJC_ARC = YES;
				CLANG_ENABLE_OBJC_WEAK = YES;
				CLANG_WARN_BLOCK_CAPTURE_AUTORELEASING = YES;
				CLANG_WARN_BOOL_CONVERSION = YES;
				CLANG_WARN_COMMA = YES;
				CLANG_WARN_CONSTANT_CONVERSION = YES;
				CLANG_WARN_DEPRECATED_OBJC_IMPLEMENTATIONS = YES;
				CLANG_WARN_DIRECT_OBJC_ISA_USAGE = YES_ERROR;
				CLANG_WARN_DOCUMENTATION_COMMENTS = YES;
				CLANG_WARN_EMPTY_BODY = YES;
				CLANG_WARN_ENUM_CONVERSION = YES;
				CLANG_WARN_INFINITE_RECURSION = YES;
				CLANG_WARN_INT_CONVERSION = YES;
				CLANG_WARN_NON_LITERAL_NULL_CONVERSION = YES;
				CLANG_WARN_OBJC_IMPLICIT_RETAIN_SELF = YES;
				CLANG_WARN_OBJC_LITERAL_CONVERSION = YES;
				CLANG_WARN_OBJC_ROOT_CLASS = YES_ERROR;
				CLANG_WARN_QUOTED_INCLUDE_IN_FRAMEWORK_HEADER = YES;
				CLANG_WARN_RANGE_LOOP_ANALYSIS = YES;
				CLANG_WARN_STRICT_PROTOTYPES = YES;
				CLANG_WARN_SUSPICIOUS_MOVE = YES;
				CLANG_WARN_UNGUARDED_AVAILABILITY = YES_AGGRESSIVE;
				CLANG_WARN_UNREACHABLE_CODE = YES;
				CLANG_WARN__DUPLICATE_METHOD_MATCH = YES;
				COPY_PHASE_STRIP = NO;
				DEBUG_INFORMATION_FORMAT = dwarf;
				ENABLE_STRICT_OBJC_MSGSEND = YES;
				ENABLE_TESTABILITY = YES;
				GCC_C_LANGUAGE_STANDARD = gnu11;
				GCC_DYNAMIC_NO_PIC = NO;
				GCC_NO_COMMON_BLOCKS = YES;
				GCC_OPTIMIZATION_LEVEL = 0;
				GCC_PREPROCESSOR_DEFINITIONS = (
					"$(inherited)",
					"DEBUG=1",
				);
				GCC_WARN_64_TO_32_BIT_CONVERSION = YES;
				GCC_WARN_ABOUT_RETURN_TYPE = YES_ERROR;
				GCC_WARN_UNDECLARED_SELECTOR = YES;
				GCC_WARN_UNINITIALIZED_AUTOS = YES_AGGRESSIVE;
				GCC_WARN_UNUSED_FUNCTION = YES;
				GCC_WARN_UNUSED_VARIABLE = YES;
				IPHONEOS_DEPLOYMENT_TARGET = 16.0;
				MTL_ENABLE_DEBUG_INFO = INCLUDE_SOURCE;
				MTL_FAST_MATH = YES;
				ONLY_ACTIVE_ARCH = YES;
				PRODUCT_NAME = "$(TARGET_NAME)";
				SDKROOT = iphoneos;
				SWIFT_ACTIVE_COMPILATION_CONDITIONS = DEBUG;
				SWIFT_OPTIMIZATION_LEVEL = "-Onone";
				SWIFT_VERSION = 5.0;
			};
			name = Debug;
		};
/* End XCBuildConfiguration section */

/* Begin XCConfigurationList section */
		BFD4DC9385F7969E07883065 /* Build configuration list for PBXProject "ForgeMobile" */ = {
			isa = XCConfigurationList;
			buildConfigurations = (
				F5A199D6A75CDE51B8882C4E /* Debug */,
				85FDC04A944834BEA968191C /* Release */,
			);
			defaultConfigurationIsVisible = 0;
			defaultConfigurationName = Debug;
		};
		EB1ACE3C719BE7C9E44EC47F /* Build configuration list for PBXNativeTarget "ForgeMobile" */ = {
			isa = XCConfigurationList;
			buildConfigurations = (
				61B60AF7C5755AA99FBE1AB2 /* Debug */,
				2777AF04B67623C0B9A02A62 /* Release */,
			);
			defaultConfigurationIsVisible = 0;
			defaultConfigurationName = Debug;
		};
/* End XCConfigurationList section */
	};
	rootObject = ACF6D24488E63922A10CA2E8 /* Project object */;
}
